// !$*UTF8*$!
{
	archiveVersion = 1;
	classes = {
	};
	objectVersion = 46;
	objects = {

/* Begin PBXBuildFile section */
		920643231E2EC72B0058649A /* errors.c in Sources */ = {isa = PBXBuildFile; fileRef = 920643211E2EC72B0058649A /* errors.c */; };
		920643281E314FDD0058649A /* dummies.c in Sources */ = {isa = PBXBuildFile; fileRef = 920643261E314FDD0058649A /* dummies.c */; };
		923C48C41E2BEB7F005A400C /* main.c in Sources */ = {isa = PBXBuildFile; fileRef = 923C48C31E2BEB7F005A400C /* main.c */; };
		923C48CC1E2BF3F2005A400C /* TCPClient.c in Sources */ = {isa = PBXBuildFile; fileRef = 923C48CA1E2BF3F2005A400C /* TCPClient.c */; };
		923C48CF1E2C038E005A400C /* helpers.c in Sources */ = {isa = PBXBuildFile; fileRef = 923C48CD1E2C038E005A400C /* helpers.c */; };
		923C48D21E2C0481005A400C /* testTCPClient.c in Sources */ = {isa = PBXBuildFile; fileRef = 923C48D01E2C0481005A400C /* testTCPClient.c */; };
/* End PBXBuildFile section */

/* Begin PBXCopyFilesBuildPhase section */
		923C48BE1E2BEB7F005A400C /* CopyFiles */ = {
			isa = PBXCopyFilesBuildPhase;
			buildActionMask = 2147483647;
			dstPath = /usr/share/man/man1/;
			dstSubfolderSpec = 0;
			files = (
			);
			runOnlyForDeploymentPostprocessing = 1;
		};
/* End PBXCopyFilesBuildPhase section */

/* Begin PBXFileReference section */
		920643211E2EC72B0058649A /* errors.c */ = {isa = PBXFileReference; fileEncoding = 4; lastKnownFileType = sourcecode.c.c; path = errors.c; sourceTree = "<group>"; };
		920643221E2EC72B0058649A /* errors.h */ = {isa = PBXFileReference; fileEncoding = 4; lastKnownFileType = sourcecode.c.h; path = errors.h; sourceTree = "<group>"; };
		920643251E302C900058649A /* info.plist */ = {isa = PBXFileReference; fileEncoding = 4; lastKnownFileType = text.plist.xml; name = info.plist; path = TCPClientC/info.plist; sourceTree = "<group>"; };
		920643261E314FDD0058649A /* dummies.c */ = {isa = PBXFileReference; fileEncoding = 4; lastKnownFileType = sourcecode.c.c; path = dummies.c; sourceTree = "<group>"; };
		920643271E314FDD0058649A /* dummies.h */ = {isa = PBXFileReference; fileEncoding = 4; lastKnownFileType = sourcecode.c.h; path = dummies.h; sourceTree = "<group>"; };
		923C48C01E2BEB7F005A400C /* TCPClientC */ = {isa = PBXFileReference; explicitFileType = "compiled.mach-o.executable"; includeInIndex = 0; path = TCPClientC; sourceTree = BUILT_PRODUCTS_DIR; };
		923C48C31E2BEB7F005A400C /* main.c */ = {isa = PBXFileReference; lastKnownFileType = sourcecode.c.c; path = main.c; sourceTree = "<group>"; };
		923C48CA1E2BF3F2005A400C /* TCPClient.c */ = {isa = PBXFileReference; fileEncoding = 4; lastKnownFileType = sourcecode.c.c; path = TCPClient.c; sourceTree = "<group>"; };
		923C48CB1E2BF3F2005A400C /* TCPClient.h */ = {isa = PBXFileReference; fileEncoding = 4; lastKnownFileType = sourcecode.c.h; path = TCPClient.h; sourceTree = "<group>"; };
		923C48CD1E2C038E005A400C /* helpers.c */ = {isa = PBXFileReference; fileEncoding = 4; lastKnownFileType = sourcecode.c.c; path = helpers.c; sourceTree = "<group>"; };
		923C48CE1E2C038E005A400C /* helpers.h */ = {isa = PBXFileReference; fileEncoding = 4; lastKnownFileType = sourcecode.c.h; path = helpers.h; sourceTree = "<group>"; };
		923C48D01E2C0481005A400C /* testTCPClient.c */ = {isa = PBXFileReference; fileEncoding = 4; lastKnownFileType = sourcecode.c.c; path = testTCPClient.c; sourceTree = "<group>"; };
		923C48D11E2C0481005A400C /* testTCPClient.h */ = {isa = PBXFileReference; fileEncoding = 4; lastKnownFileType = sourcecode.c.h; path = testTCPClient.h; sourceTree = "<group>"; };
/* End PBXFileReference section */

/* Begin PBXFrameworksBuildPhase section */
		923C48BD1E2BEB7F005A400C /* Frameworks */ = {
			isa = PBXFrameworksBuildPhase;
			buildActionMask = 2147483647;
			files = (
			);
			runOnlyForDeploymentPostprocessing = 0;
		};
/* End PBXFrameworksBuildPhase section */

/* Begin PBXGroup section */
		923C48B71E2BEB7F005A400C = {
			isa = PBXGroup;
			children = (
				920643251E302C900058649A /* info.plist */,
				923C48C21E2BEB7F005A400C /* TCPClientC */,
				923C48C11E2BEB7F005A400C /* Products */,
			);
			sourceTree = "<group>";
		};
		923C48C11E2BEB7F005A400C /* Products */ = {
			isa = PBXGroup;
			children = (
				923C48C01E2BEB7F005A400C /* TCPClientC */,
			);
			name = Products;
			sourceTree = "<group>";
		};
		923C48C21E2BEB7F005A400C /* TCPClientC */ = {
			isa = PBXGroup;
			children = (
				923C48C31E2BEB7F005A400C /* main.c */,
				923C48CE1E2C038E005A400C /* helpers.h */,
				923C48CD1E2C038E005A400C /* helpers.c */,
				920643221E2EC72B0058649A /* errors.h */,
				920643211E2EC72B0058649A /* errors.c */,
				923C48D11E2C0481005A400C /* testTCPClient.h */,
				923C48D01E2C0481005A400C /* testTCPClient.c */,
				923C48CB1E2BF3F2005A400C /* TCPClient.h */,
				923C48CA1E2BF3F2005A400C /* TCPClient.c */,
				920643271E314FDD0058649A /* dummies.h */,
				920643261E314FDD0058649A /* dummies.c */,
			);
			path = TCPClientC;
			sourceTree = "<group>";
		};
/* End PBXGroup section */

/* Begin PBXNativeTarget section */
		923C48BF1E2BEB7F005A400C /* TCPClientC */ = {
			isa = PBXNativeTarget;
			buildConfigurationList = 923C48C71E2BEB7F005A400C /* Build configuration list for PBXNativeTarget "TCPClientC" */;
			buildPhases = (
				923C48BC1E2BEB7F005A400C /* Sources */,
				923C48BD1E2BEB7F005A400C /* Frameworks */,
				923C48BE1E2BEB7F005A400C /* CopyFiles */,
			);
			buildRules = (
			);
			dependencies = (
			);
			name = TCPClientC;
			productName = TCPClientC;
			productReference = 923C48C01E2BEB7F005A400C /* TCPClientC */;
			productType = "com.apple.product-type.tool";
		};
/* End PBXNativeTarget section */

/* Begin PBXProject section */
		923C48B81E2BEB7F005A400C /* Project object */ = {
			isa = PBXProject;
			attributes = {
				LastUpgradeCheck = 0820;
				ORGANIZATIONNAME = "Den V Design";
				TargetAttributes = {
					923C48BF1E2BEB7F005A400C = {
						CreatedOnToolsVersion = 8.2;
						ProvisioningStyle = Automatic;
					};
				};
			};
			buildConfigurationList = 923C48BB1E2BEB7F005A400C /* Build configuration list for PBXProject "TCPClientC" */;
			compatibilityVersion = "Xcode 3.2";
			developmentRegion = English;
			hasScannedForEncodings = 0;
			knownRegions = (
				en,
			);
			mainGroup = 923C48B71E2BEB7F005A400C;
			productRefGroup = 923C48C11E2BEB7F005A400C /* Products */;
			projectDirPath = "";
			projectRoot = "";
			targets = (
				923C48BF1E2BEB7F005A400C /* TCPClientC */,
			);
		};
/* End PBXProject section */

/* Begin PBXSourcesBuildPhase section */
		923C48BC1E2BEB7F005A400C /* Sources */ = {
			isa = PBXSourcesBuildPhase;
			buildActionMask = 2147483647;
			files = (
				923C48CC1E2BF3F2005A400C /* TCPClient.c in Sources */,
				923C48CF1E2C038E005A400C /* helpers.c in Sources */,
				923C48D21E2C0481005A400C /* testTCPClient.c in Sources */,
				923C48C41E2BEB7F005A400C /* main.c in Sources */,
				920643281E314FDD0058649A /* dummies.c in Sources */,
				920643231E2EC72B0058649A /* errors.c in Sources */,
			);
			runOnlyForDeploymentPostprocessing = 0;
		};
/* End PBXSourcesBuildPhase section */

/* Begin XCBuildConfiguration section */
		923C48C51E2BEB7F005A400C /* Debug */ = {
			isa = XCBuildConfiguration;
			buildSettings = {
				ALWAYS_SEARCH_USER_PATHS = NO;
				CLANG_ANALYZER_NONNULL = YES;
				CLANG_CXX_LANGUAGE_STANDARD = "gnu++0x";
				CLANG_CXX_LIBRARY = "libc++";
				CLANG_ENABLE_MODULES = YES;
				CLANG_ENABLE_OBJC_ARC = YES;
				CLANG_WARN_BOOL_CONVERSION = YES;
				CLANG_WARN_CONSTANT_CONVERSION = YES;
				CLANG_WARN_DIRECT_OBJC_ISA_USAGE = YES_ERROR;
				CLANG_WARN_DOCUMENTATION_COMMENTS = YES;
				CLANG_WARN_EMPTY_BODY = YES;
				CLANG_WARN_ENUM_CONVERSION = YES;
				CLANG_WARN_INFINITE_RECURSION = YES;
				CLANG_WARN_INT_CONVERSION = YES;
				CLANG_WARN_OBJC_ROOT_CLASS = YES_ERROR;
				CLANG_WARN_SUSPICIOUS_MOVE = YES;
				CLANG_WARN_UNREACHABLE_CODE = YES;
				CLANG_WARN__DUPLICATE_METHOD_MATCH = YES;
				CODE_SIGN_IDENTITY = "-";
				COPY_PHASE_STRIP = NO;
				DEBUG_INFORMATION_FORMAT = dwarf;
				ENABLE_STRICT_OBJC_MSGSEND = YES;
				ENABLE_TESTABILITY = YES;
				GCC_C_LANGUAGE_STANDARD = gnu99;
				GCC_DYNAMIC_NO_PIC = NO;
				GCC_NO_COMMON_BLOCKS = YES;
				GCC_OPTIMIZATION_LEVEL = 0;
				GCC_PREPROCESSOR_DEFINITIONS = (
					"DEBUG=1",
					"$(inherited)",
				);
				GCC_WARN_64_TO_32_BIT_CONVERSION = YES;
				GCC_WARN_ABOUT_RETURN_TYPE = YES_ERROR;
				GCC_WARN_UNDECLARED_SELECTOR = YES;
				GCC_WARN_UNINITIALIZED_AUTOS = YES_AGGRESSIVE;
				GCC_WARN_UNUSED_FUNCTION = YES;
				GCC_WARN_UNUSED_VARIABLE = YES;
				MACOSX_DEPLOYMENT_TARGET = 10.12;
				MTL_ENABLE_DEBUG_INFO = YES;
				ONLY_ACTIVE_ARCH = YES;
				PRODUCT_NAME = cConnect;
				SDKROOT = macosx;
			};
			name = Debug;
		};
		923C48C61E2BEB7F005A400C /* Release */ = {
			isa = XCBuildConfiguration;
			buildSettings = {
				ALWAYS_SEARCH_USER_PATHS = NO;
				CLANG_ANALYZER_NONNULL = YES;
				CLANG_CXX_LANGUAGE_STANDARD = "gnu++0x";
				CLANG_CXX_LIBRARY = "libc++";
				CLANG_ENABLE_MODULES = YES;
				CLANG_ENABLE_OBJC_ARC = YES;
				CLANG_WARN_BOOL_CONVERSION = YES;
				CLANG_WARN_CONSTANT_CONVERSION = YES;
				CLANG_WARN_DIRECT_OBJC_ISA_USAGE = YES_ERROR;
				CLANG_WARN_DOCUMENTATION_COMMENTS = YES;
				CLANG_WARN_EMPTY_BODY = YES;
				CLANG_WARN_ENUM_CONVERSION = YES;
				CLANG_WARN_INFINITE_RECURSION = YES;
				CLANG_WARN_INT_CONVERSION = YES;
				CLANG_WARN_OBJC_ROOT_CLASS = YES_ERROR;
				CLANG_WARN_SUSPICIOUS_MOVE = YES;
				CLANG_WARN_UNREACHABLE_CODE = YES;
				CLANG_WARN__DUPLICATE_METHOD_MATCH = YES;
				CODE_SIGN_IDENTITY = "-";
				COPY_PHASE_STRIP = NO;
				DEBUG_INFORMATION_FORMAT = "dwarf-with-dsym";
				ENABLE_NS_ASSERTIONS = NO;
				ENABLE_STRICT_OBJC_MSGSEND = YES;
				GCC_C_LANGUAGE_STANDARD = gnu99;
				GCC_NO_COMMON_BLOCKS = YES;
				GCC_WARN_64_TO_32_BIT_CONVERSION = YES;
				GCC_WARN_ABOUT_RETURN_TYPE = YES_ERROR;
				GCC_WARN_UNDECLARED_SELECTOR = YES;
				GCC_WARN_UNINITIALIZED_AUTOS = YES_AGGRESSIVE;
				GCC_WARN_UNUSED_FUNCTION = YES;
				GCC_WARN_UNUSED_VARIABLE = YES;
				MACOSX_DEPLOYMENT_TARGET = 10.12;
				MTL_ENABLE_DEBUG_INFO = NO;
				PRODUCT_NAME = cConnect;
				SDKROOT = macosx;
			};
			name = Release;
		};
		923C48C81E2BEB7F005A400C /* Debug */ = {
			isa = XCBuildConfiguration;
			buildSettings = {
				INFOPLIST_FILE = "$(SRCROOT)/TCPClientC/info.plist";
				PRODUCT_BUNDLE_IDENTIFIER = cConnect;
				PRODUCT_NAME = "$(TARGET_NAME)";
			};
			name = Debug;
		};
		923C48C91E2BEB7F005A400C /* Release */ = {
			isa = XCBuildConfiguration;
			buildSettings = {
				INFOPLIST_FILE = "$(SRCROOT)/TCPClientC/info.plist";
				PRODUCT_BUNDLE_IDENTIFIER = cConnect;
				PRODUCT_NAME = "$(TARGET_NAME)";
			};
			name = Release;
		};
/* End XCBuildConfiguration section */

/* Begin XCConfigurationList section */
		923C48BB1E2BEB7F005A400C /* Build configuration list for PBXProject "TCPClientC" */ = {
			isa = XCConfigurationList;
			buildConfigurations = (
				923C48C51E2BEB7F005A400C /* Debug */,
				923C48C61E2BEB7F005A400C /* Release */,
			);
			defaultConfigurationIsVisible = 0;
			defaultConfigurationName = Release;
		};
		923C48C71E2BEB7F005A400C /* Build configuration list for PBXNativeTarget "TCPClientC" */ = {
			isa = XCConfigurationList;
			buildConfigurations = (
				923C48C81E2BEB7F005A400C /* Debug */,
				923C48C91E2BEB7F005A400C /* Release */,
			);
			defaultConfigurationIsVisible = 0;
			defaultConfigurationName = Release;
		};
/* End XCConfigurationList section */
	};
	rootObject = 923C48B81E2BEB7F005A400C /* Project object */;
}
